
Microsoft Visual Studio Solution File, Format Version 12.00
# Visual Studio Version 17
VisualStudioVersion = 17.11.35303.130
MinimumVisualStudioVersion = 10.0.40219.1
Project("{9A19103F-16F7-4668-BE54-9A1E7A4F7556}") = "PeakeyeBackendCase", "PeakeyeBackendCase\PeakeyeBackendCase.csproj", "{CE54D14D-E0B6-4E48-9987-581C4D22F391}"
EndProject
Project("{E53339B2-1760-4266-BCC7-CA923CBCF16C}") = "docker-compose", "docker-compose.dcproj", "{34F47FF3-E0AB-4983-B339-815161071060}"
EndProject
Global
	GlobalSection(SolutionConfigurationPlatforms) = preSolution
		Debug|Any CPU = Debug|Any CPU
		Release|Any CPU = Release|Any CPU
	EndGlobalSection
	GlobalSection(ProjectConfigurationPlatforms) = postSolution
		{CE54D14D-E0B6-4E48-9987-581C4D22F391}.Debug|Any CPU.ActiveCfg = Debug|Any CPU
		{CE54D14D-E0B6-4E48-9987-581C4D22F391}.Debug|Any CPU.Build.0 = Debug|Any CPU
		{CE54D14D-E0B6-4E48-9987-581C4D22F391}.Release|Any CPU.ActiveCfg = Release|Any CPU
		{CE54D14D-E0B6-4E48-9987-581C4D22F391}.Release|Any CPU.Build.0 = Release|Any CPU
		{34F47FF3-E0AB-4983-B339-815161071060}.Debug|Any CPU.ActiveCfg = Debug|Any CPU
		{34F47FF3-E0AB-4983-B339-815161071060}.Debug|Any CPU.Build.0 = Debug|Any CPU
		{34F47FF3-E0AB-4983-B339-815161071060}.Release|Any CPU.ActiveCfg = Release|Any CPU
		{34F47FF3-E0AB-4983-B339-815161071060}.Release|Any CPU.Build.0 = Release|Any CPU
	EndGlobalSection
	GlobalSection(SolutionProperties) = preSolution
		HideSolutionNode = FALSE
	EndGlobalSection
	GlobalSection(ExtensibilityGlobals) = postSolution
		SolutionGuid = {F8B8F534-9C74-44DD-A93C-115B80CBF3D2}
	EndGlobalSection
EndGlobal
